<?xml version="1.0" encoding="utf-8"?>
<Project ToolsVersion="4.0" xmlns="http://schemas.microsoft.com/developer/msbuild/2003">
  <ItemGroup>
    <Filter Include="Include">
      <UniqueIdentifier>{e3acd9ff-5d54-4182-ad45-304af159ddb2}</UniqueIdentifier>
    </Filter>
    <Filter Include="KongEngine">
      <UniqueIdentifier>{a0863a84-bd40-4cf8-9027-6f5f75b10d8d}</UniqueIdentifier>
    </Filter>
    <Filter Include="Include\video">
      <UniqueIdentifier>{adc2976b-afd7-45b2-a138-4fa443e4dffb}</UniqueIdentifier>
    </Filter>
    <Filter Include="KongEngine\kong">
      <UniqueIdentifier>{7f274f01-1870-4e00-bd91-b9f91891f358}</UniqueIdentifier>
    </Filter>
    <Filter Include="KongEngine\kong\device">
      <UniqueIdentifier>{ed6428a6-d19c-4135-b020-157c4e43f962}</UniqueIdentifier>
    </Filter>
    <Filter Include="Include\core">
      <UniqueIdentifier>{2c0699c9-7b26-4dff-8673-a4e69769c684}</UniqueIdentifier>
    </Filter>
    <Filter Include="KongEngine\video">
      <UniqueIdentifier>{658e6d0f-9547-4460-9015-e620d40a7a7e}</UniqueIdentifier>
    </Filter>
    <Filter Include="KongEngine\video\OpenGL">
      <UniqueIdentifier>{fd130f2b-e604-4217-9dcf-5a423850a09d}</UniqueIdentifier>
    </Filter>
    <Filter Include="KongEngine\video\Null">
      <UniqueIdentifier>{86d0f051-d2da-46d4-b576-106b3923cf4a}</UniqueIdentifier>
    </Filter>
    <Filter Include="KongEngine\scene">
      <UniqueIdentifier>{31cf666a-9ca6-474d-99c0-56ebe87a2e0c}</UniqueIdentifier>
    </Filter>
    <Filter Include="Include\scene">
      <UniqueIdentifier>{90b2fe73-9fe7-40ef-83dd-d4f6331c0468}</UniqueIdentifier>
    </Filter>
    <Filter Include="KongEngine\scene\scenenode">
      <UniqueIdentifier>{04d8ca89-6c17-4ebe-ac0f-0413745d528b}</UniqueIdentifier>
    </Filter>
    <Filter Include="Include\io">
      <UniqueIdentifier>{5ec46c5b-8814-4de8-b810-b53faa9902e0}</UniqueIdentifier>
    </Filter>
    <Filter Include="KongEngine\io">
      <UniqueIdentifier>{bad835ea-170e-498c-8e09-d22c570de13f}</UniqueIdentifier>
    </Filter>
    <Filter Include="KongEngine\video\OpenGL\shaders">
      <UniqueIdentifier>{be02520e-b59c-4ab5-846b-696c1cfc1e38}</UniqueIdentifier>
    </Filter>
    <Filter Include="KongEngine\video\Buring Video">
      <UniqueIdentifier>{6ef5e153-4b2f-4826-8d5b-843b01b69742}</UniqueIdentifier>
    </Filter>
    <Filter Include="KongEngine\video\Null\Loader">
      <UniqueIdentifier>{e748ee8e-8de2-45c1-ac8d-0daaacf8ccf1}</UniqueIdentifier>
    </Filter>
    <Filter Include="KongEngine\kong\extern">
      <UniqueIdentifier>{1e8865f1-24cd-4d8c-8f38-a83b49a5c076}</UniqueIdentifier>
    </Filter>
    <Filter Include="KongEngine\kong\extern\jpeglib">
      <UniqueIdentifier>{01c9f68b-b7e4-4f13-b6e7-17f5ee6f48b1}</UniqueIdentifier>
    </Filter>
    <Filter Include="KongEngine\kong\extern\libpng">
      <UniqueIdentifier>{f894ee42-be9b-4736-b6da-1a50cb54f603}</UniqueIdentifier>
    </Filter>
    <Filter Include="KongEngine\kong\extern\zlib">
      <UniqueIdentifier>{bd9a89f4-7047-4a7a-ac46-0a53dc51fba4}</UniqueIdentifier>
    </Filter>
  </ItemGroup>
  <ItemGroup>
    <ClCompile Include="test.cpp">
      <Filter>KongEngine</Filter>
    </ClCompile>
    <ClCompile Include="CKongDeviceStub.cpp">
      <Filter>KongEngine\kong\device</Filter>
    </ClCompile>
    <ClCompile Include="CKongDeviceWin32.cpp">
      <Filter>KongEngine\kong\device</Filter>
    </ClCompile>
    <ClCompile Include="KongEngine.cpp">
      <Filter>KongEngine\kong\device</Filter>
    </ClCompile>
    <ClCompile Include="COrthogonalCameraSceneNode.cpp">
      <Filter>KongEngine\scene\scenenode</Filter>
    </ClCompile>
    <ClCompile Include="CPerspectiveCameraSceneNode.cpp">
      <Filter>KongEngine\scene\scenenode</Filter>
    </ClCompile>
    <ClCompile Include="CSceneManager.cpp">
      <Filter>KongEngine\scene</Filter>
    </ClCompile>
    <ClCompile Include="CCubeSceneNode.cpp">
      <Filter>KongEngine\scene\scenenode</Filter>
    </ClCompile>
    <ClCompile Include="COpenGLDriver.cpp">
      <Filter>KongEngine\video\OpenGL</Filter>
    </ClCompile>
    <ClCompile Include="CFileSystem.cpp">
      <Filter>KongEngine\io</Filter>
    </ClCompile>
    <ClCompile Include="CReadFile.cpp">
      <Filter>KongEngine\io</Filter>
    </ClCompile>
    <ClCompile Include="CWriteFile.cpp">
      <Filter>KongEngine\io</Filter>
    </ClCompile>
    <ClCompile Include="COpenGLShaderHelper.cpp">
      <Filter>KongEngine\video\OpenGL</Filter>
    </ClCompile>
    <ClCompile Include="COpenGLShaderDriver.cpp">
      <Filter>KongEngine\video\OpenGL</Filter>
    </ClCompile>
    <ClCompile Include="CImage.cpp">
      <Filter>KongEngine\video\Null</Filter>
    </ClCompile>
    <ClCompile Include="CColorConverter.cpp">
      <Filter>KongEngine\video\Null</Filter>
    </ClCompile>
    <ClCompile Include="jpeglib\jaricom.c">
      <Filter>KongEngine\kong\extern\jpeglib</Filter>
    </ClCompile>
    <ClCompile Include="jpeglib\jcapimin.c">
      <Filter>KongEngine\kong\extern\jpeglib</Filter>
    </ClCompile>
    <ClCompile Include="jpeglib\jcapistd.c">
      <Filter>KongEngine\kong\extern\jpeglib</Filter>
    </ClCompile>
    <ClCompile Include="jpeglib\jcarith.c">
      <Filter>KongEngine\kong\extern\jpeglib</Filter>
    </ClCompile>
    <ClCompile Include="jpeglib\jccoefct.c">
      <Filter>KongEngine\kong\extern\jpeglib</Filter>
    </ClCompile>
    <ClCompile Include="jpeglib\jccolor.c">
      <Filter>KongEngine\kong\extern\jpeglib</Filter>
    </ClCompile>
    <ClCompile Include="jpeglib\jcdctmgr.c">
      <Filter>KongEngine\kong\extern\jpeglib</Filter>
    </ClCompile>
    <ClCompile Include="jpeglib\jchuff.c">
      <Filter>KongEngine\kong\extern\jpeglib</Filter>
    </ClCompile>
    <ClCompile Include="jpeglib\jcinit.c">
      <Filter>KongEngine\kong\extern\jpeglib</Filter>
    </ClCompile>
    <ClCompile Include="jpeglib\jcmainct.c">
      <Filter>KongEngine\kong\extern\jpeglib</Filter>
    </ClCompile>
    <ClCompile Include="jpeglib\jcmarker.c">
      <Filter>KongEngine\kong\extern\jpeglib</Filter>
    </ClCompile>
    <ClCompile Include="jpeglib\jcmaster.c">
      <Filter>KongEngine\kong\extern\jpeglib</Filter>
    </ClCompile>
    <ClCompile Include="jpeglib\jcomapi.c">
      <Filter>KongEngine\kong\extern\jpeglib</Filter>
    </ClCompile>
    <ClCompile Include="jpeglib\jcparam.c">
      <Filter>KongEngine\kong\extern\jpeglib</Filter>
    </ClCompile>
    <ClCompile Include="jpeglib\jcprepct.c">
      <Filter>KongEngine\kong\extern\jpeglib</Filter>
    </ClCompile>
    <ClCompile Include="jpeglib\jcsample.c">
      <Filter>KongEngine\kong\extern\jpeglib</Filter>
    </ClCompile>
    <ClCompile Include="jpeglib\jctrans.c">
      <Filter>KongEngine\kong\extern\jpeglib</Filter>
    </ClCompile>
    <ClCompile Include="jpeglib\jdapimin.c">
      <Filter>KongEngine\kong\extern\jpeglib</Filter>
    </ClCompile>
    <ClCompile Include="jpeglib\jdapistd.c">
      <Filter>KongEngine\kong\extern\jpeglib</Filter>
    </ClCompile>
    <ClCompile Include="jpeglib\jdarith.c">
      <Filter>KongEngine\kong\extern\jpeglib</Filter>
    </ClCompile>
    <ClCompile Include="jpeglib\jdatadst.c">
      <Filter>KongEngine\kong\extern\jpeglib</Filter>
    </ClCompile>
    <ClCompile Include="jpeglib\jdatasrc.c">
      <Filter>KongEngine\kong\extern\jpeglib</Filter>
    </ClCompile>
    <ClCompile Include="jpeglib\jdcoefct.c">
      <Filter>KongEngine\kong\extern\jpeglib</Filter>
    </ClCompile>
    <ClCompile Include="jpeglib\jdcolor.c">
      <Filter>KongEngine\kong\extern\jpeglib</Filter>
    </ClCompile>
    <ClCompile Include="jpeglib\jddctmgr.c">
      <Filter>KongEngine\kong\extern\jpeglib</Filter>
    </ClCompile>
    <ClCompile Include="jpeglib\jdhuff.c">
      <Filter>KongEngine\kong\extern\jpeglib</Filter>
    </ClCompile>
    <ClCompile Include="jpeglib\jdinput.c">
      <Filter>KongEngine\kong\extern\jpeglib</Filter>
    </ClCompile>
    <ClCompile Include="jpeglib\jdmainct.c">
      <Filter>KongEngine\kong\extern\jpeglib</Filter>
    </ClCompile>
    <ClCompile Include="jpeglib\jdmarker.c">
      <Filter>KongEngine\kong\extern\jpeglib</Filter>
    </ClCompile>
    <ClCompile Include="jpeglib\jdmaster.c">
      <Filter>KongEngine\kong\extern\jpeglib</Filter>
    </ClCompile>
    <ClCompile Include="jpeglib\jdmerge.c">
      <Filter>KongEngine\kong\extern\jpeglib</Filter>
    </ClCompile>
    <ClCompile Include="jpeglib\jdpostct.c">
      <Filter>KongEngine\kong\extern\jpeglib</Filter>
    </ClCompile>
    <ClCompile Include="jpeglib\jdsample.c">
      <Filter>KongEngine\kong\extern\jpeglib</Filter>
    </ClCompile>
    <ClCompile Include="jpeglib\jdtrans.c">
      <Filter>KongEngine\kong\extern\jpeglib</Filter>
    </ClCompile>
    <ClCompile Include="jpeglib\jerror.c">
      <Filter>KongEngine\kong\extern\jpeglib</Filter>
    </ClCompile>
    <ClCompile Include="jpeglib\jfdctflt.c">
      <Filter>KongEngine\kong\extern\jpeglib</Filter>
    </ClCompile>
    <ClCompile Include="jpeglib\jfdctfst.c">
      <Filter>KongEngine\kong\extern\jpeglib</Filter>
    </ClCompile>
    <ClCompile Include="jpeglib\jfdctint.c">
      <Filter>KongEngine\kong\extern\jpeglib</Filter>
    </ClCompile>
    <ClCompile Include="jpeglib\jidctflt.c">
      <Filter>KongEngine\kong\extern\jpeglib</Filter>
    </ClCompile>
    <ClCompile Include="jpeglib\jidctfst.c">
      <Filter>KongEngine\kong\extern\jpeglib</Filter>
    </ClCompile>
    <ClCompile Include="jpeglib\jidctint.c">
      <Filter>KongEngine\kong\extern\jpeglib</Filter>
    </ClCompile>
    <ClCompile Include="jpeglib\jmemmgr.c">
      <Filter>KongEngine\kong\extern\jpeglib</Filter>
    </ClCompile>
    <ClCompile Include="jpeglib\jmemnobs.c">
      <Filter>KongEngine\kong\extern\jpeglib</Filter>
    </ClCompile>
    <ClCompile Include="jpeglib\jquant1.c">
      <Filter>KongEngine\kong\extern\jpeglib</Filter>
    </ClCompile>
    <ClCompile Include="jpeglib\jquant2.c">
      <Filter>KongEngine\kong\extern\jpeglib</Filter>
    </ClCompile>
    <ClCompile Include="jpeglib\jutils.c">
      <Filter>KongEngine\kong\extern\jpeglib</Filter>
    </ClCompile>
    <ClCompile Include="libpng\png.c">
      <Filter>KongEngine\kong\extern\libpng</Filter>
    </ClCompile>
    <ClCompile Include="libpng\pngerror.c">
      <Filter>KongEngine\kong\extern\libpng</Filter>
    </ClCompile>
    <ClCompile Include="libpng\pngget.c">
      <Filter>KongEngine\kong\extern\libpng</Filter>
    </ClCompile>
    <ClCompile Include="libpng\pngmem.c">
      <Filter>KongEngine\kong\extern\libpng</Filter>
    </ClCompile>
    <ClCompile Include="libpng\pngpread.c">
      <Filter>KongEngine\kong\extern\libpng</Filter>
    </ClCompile>
    <ClCompile Include="libpng\pngread.c">
      <Filter>KongEngine\kong\extern\libpng</Filter>
    </ClCompile>
    <ClCompile Include="libpng\pngrio.c">
      <Filter>KongEngine\kong\extern\libpng</Filter>
    </ClCompile>
    <ClCompile Include="libpng\pngrtran.c">
      <Filter>KongEngine\kong\extern\libpng</Filter>
    </ClCompile>
    <ClCompile Include="libpng\pngrutil.c">
      <Filter>KongEngine\kong\extern\libpng</Filter>
    </ClCompile>
    <ClCompile Include="libpng\pngset.c">
      <Filter>KongEngine\kong\extern\libpng</Filter>
    </ClCompile>
    <ClCompile Include="libpng\pngtrans.c">
      <Filter>KongEngine\kong\extern\libpng</Filter>
    </ClCompile>
    <ClCompile Include="libpng\pngwio.c">
      <Filter>KongEngine\kong\extern\libpng</Filter>
    </ClCompile>
    <ClCompile Include="libpng\pngwrite.c">
      <Filter>KongEngine\kong\extern\libpng</Filter>
    </ClCompile>
    <ClCompile Include="libpng\pngwtran.c">
      <Filter>KongEngine\kong\extern\libpng</Filter>
    </ClCompile>
    <ClCompile Include="libpng\pngwutil.c">
      <Filter>KongEngine\kong\extern\libpng</Filter>
    </ClCompile>
    <ClCompile Include="zlib\adler32.c">
      <Filter>KongEngine\kong\extern\zlib</Filter>
    </ClCompile>
    <ClCompile Include="zlib\compress.c">
      <Filter>KongEngine\kong\extern\zlib</Filter>
    </ClCompile>
    <ClCompile Include="zlib\crc32.c">
      <Filter>KongEngine\kong\extern\zlib</Filter>
    </ClCompile>
    <ClCompile Include="zlib\deflate.c">
      <Filter>KongEngine\kong\extern\zlib</Filter>
    </ClCompile>
    <ClCompile Include="zlib\inffast.c">
      <Filter>KongEngine\kong\extern\zlib</Filter>
    </ClCompile>
    <ClCompile Include="zlib\inflate.c">
      <Filter>KongEngine\kong\extern\zlib</Filter>
    </ClCompile>
    <ClCompile Include="zlib\inftrees.c">
      <Filter>KongEngine\kong\extern\zlib</Filter>
    </ClCompile>
    <ClCompile Include="zlib\trees.c">
      <Filter>KongEngine\kong\extern\zlib</Filter>
    </ClCompile>
    <ClCompile Include="zlib\uncompr.c">
      <Filter>KongEngine\kong\extern\zlib</Filter>
    </ClCompile>
    <ClCompile Include="zlib\zutil.c">
      <Filter>KongEngine\kong\extern\zlib</Filter>
    </ClCompile>
    <ClCompile Include="CImageLoaderPng.cpp">
      <Filter>KongEngine\video\Null\Loader</Filter>
    </ClCompile>
    <ClCompile Include="CImageLoaderJpg.cpp">
      <Filter>KongEngine\video\Null\Loader</Filter>
    </ClCompile>
    <ClCompile Include="COpenGLTexture.cpp">
      <Filter>KongEngine\video\OpenGL</Filter>
    </ClCompile>
  </ItemGroup>
  <ItemGroup>
    <ClInclude Include="..\..\include\KongCompileConfig.h">
      <Filter>Include</Filter>
    </ClInclude>
    <ClInclude Include="..\..\include\KongDevice.h">
      <Filter>Include</Filter>
    </ClInclude>
    <ClInclude Include="..\..\include\CKongDeviceStub.h">
      <Filter>KongEngine\kong\device</Filter>
    </ClInclude>
    <ClInclude Include="..\..\include\IVideoDriver.h">
      <Filter>Include\video</Filter>
    </ClInclude>
    <ClInclude Include="..\..\include\KongTypes.h">
      <Filter>Include</Filter>
    </ClInclude>
    <ClInclude Include="..\..\include\SColor.h">
      <Filter>Include\video</Filter>
    </ClInclude>
    <ClInclude Include="..\..\include\CKongDeviceWin32.h">
      <Filter>KongEngine\kong\device</Filter>
    </ClInclude>
    <ClInclude Include="..\..\include\SKongCreationParameters.h">
      <Filter>Include</Filter>
    </ClInclude>
    <ClInclude Include="..\..\include\Dimension2d.h">
      <Filter>Include\core</Filter>
    </ClInclude>
    <ClInclude Include="..\..\include\KongMath.h">
      <Filter>Include\core</Filter>
    </ClInclude>
    <ClInclude Include="..\..\include\Matrix.h">
      <Filter>Include\core</Filter>
    </ClInclude>
    <ClInclude Include="..\..\include\KongEngine.h">
      <Filter>Include</Filter>
    </ClInclude>
    <ClInclude Include="..\..\include\ISceneNode.h">
      <Filter>Include\scene</Filter>
    </ClInclude>
    <ClInclude Include="..\..\include\Array.h">
      <Filter>Include\core</Filter>
    </ClInclude>
    <ClInclude Include="..\..\include\Vector.h">
      <Filter>Include\core</Filter>
    </ClInclude>
    <ClInclude Include="..\..\include\IMeshBuffer.h">
      <Filter>Include\scene</Filter>
    </ClInclude>
    <ClInclude Include="..\..\include\S3DVertex.h">
      <Filter>Include\video</Filter>
    </ClInclude>
    <ClInclude Include="..\..\include\SMaterial.h">
      <Filter>Include\video</Filter>
    </ClInclude>
    <ClInclude Include="..\..\include\CMeshBuffer.h">
      <Filter>Include\scene</Filter>
    </ClInclude>
    <ClInclude Include="..\..\include\List.h">
      <Filter>Include\core</Filter>
    </ClInclude>
    <ClInclude Include="..\..\include\Allocator.h">
      <Filter>Include\core</Filter>
    </ClInclude>
    <ClInclude Include="..\..\include\ISceneManager.h">
      <Filter>Include\scene</Filter>
    </ClInclude>
    <ClInclude Include="..\..\include\CSceneManager.h">
      <Filter>KongEngine\scene</Filter>
    </ClInclude>
    <ClInclude Include="..\..\include\ICameraSceneNode.h">
      <Filter>Include\scene</Filter>
    </ClInclude>
    <ClInclude Include="..\..\include\COrthogonalCameraSceneNode.h">
      <Filter>KongEngine\scene\scenenode</Filter>
    </ClInclude>
    <ClInclude Include="..\..\include\CPerspectiveCameraSceneNode.h">
      <Filter>KongEngine\scene\scenenode</Filter>
    </ClInclude>
    <ClInclude Include="..\..\include\SMesh.h">
      <Filter>Include\scene</Filter>
    </ClInclude>
    <ClInclude Include="..\..\include\IMesh.h">
      <Filter>Include\scene</Filter>
    </ClInclude>
    <ClInclude Include="..\..\include\IMeshSceneNode.h">
      <Filter>Include\scene</Filter>
    </ClInclude>
    <ClInclude Include="..\..\include\CCubeSceneNode.h">
      <Filter>KongEngine\scene\scenenode</Filter>
    </ClInclude>
    <ClInclude Include="..\..\include\COpenGLDriver.h">
      <Filter>KongEngine\video\OpenGL</Filter>
    </ClInclude>
    <ClInclude Include="..\..\include\SExposedVideoData.h">
      <Filter>Include\video</Filter>
    </ClInclude>
    <ClInclude Include="..\..\include\Keycodes.h">
      <Filter>Include</Filter>
    </ClInclude>
    <ClInclude Include="..\..\include\IEventReceiver.h">
      <Filter>Include</Filter>
    </ClInclude>
    <ClInclude Include="..\..\include\IFileSystem.h">
      <Filter>Include\io</Filter>
    </ClInclude>
    <ClInclude Include="..\..\include\IReadFile.h">
      <Filter>Include\io</Filter>
    </ClInclude>
    <ClInclude Include="..\..\include\CFileSystem.h">
      <Filter>KongEngine\io</Filter>
    </ClInclude>
    <ClInclude Include="..\..\include\IWriteFile.h">
      <Filter>Include\io</Filter>
    </ClInclude>
    <ClInclude Include="..\..\include\CReadFile.h">
      <Filter>KongEngine\io</Filter>
    </ClInclude>
    <ClInclude Include="..\..\include\CWriteFile.h">
      <Filter>KongEngine\io</Filter>
    </ClInclude>
    <ClInclude Include="..\..\include\COpenGLShaderHelper.h">
      <Filter>KongEngine\video\OpenGL</Filter>
    </ClInclude>
    <ClInclude Include="..\..\include\IShaderHelper.h">
      <Filter>Include\video</Filter>
    </ClInclude>
    <ClInclude Include="..\..\include\Map.h">
      <Filter>Include\core</Filter>
    </ClInclude>
    <ClInclude Include="..\..\include\COpenGLShaderDriver.h">
      <Filter>KongEngine\video\OpenGL</Filter>
    </ClInclude>
    <ClInclude Include="..\..\include\IImageLoader.h">
      <Filter>Include\video</Filter>
    </ClInclude>
    <ClInclude Include="..\..\include\IImage.h">
      <Filter>Include\video</Filter>
    </ClInclude>
    <ClInclude Include="..\..\include\Rect.h">
      <Filter>Include\video</Filter>
    </ClInclude>
    <ClInclude Include="..\..\include\Position2D.h">
      <Filter>Include\video</Filter>
    </ClInclude>
    <ClInclude Include="..\..\include\CImage.h">
      <Filter>KongEngine\video\Null</Filter>
    </ClInclude>
    <ClInclude Include="..\..\include\CBlit.h">
      <Filter>KongEngine\video\Buring Video</Filter>
    </ClInclude>
    <ClInclude Include="..\..\include\SoftwareDriver2_helper.h">
      <Filter>KongEngine\video\Buring Video</Filter>
    </ClInclude>
    <ClInclude Include="..\..\include\CColorConverter.h">
      <Filter>KongEngine\video\Null</Filter>
    </ClInclude>
    <ClInclude Include="..\..\include\CImageLoaderPng.h">
      <Filter>KongEngine\video\Null\Loader</Filter>
    </ClInclude>
    <ClInclude Include="..\..\include\CImageLoaderJpg.h">
      <Filter>KongEngine\video\Null\Loader</Filter>
    </ClInclude>
    <ClInclude Include="jpeglib\cderror.h">
      <Filter>KongEngine\kong\extern\jpeglib</Filter>
    </ClInclude>
    <ClInclude Include="jpeglib\jconfig.h">
      <Filter>KongEngine\kong\extern\jpeglib</Filter>
    </ClInclude>
    <ClInclude Include="jpeglib\jdct.h">
      <Filter>KongEngine\kong\extern\jpeglib</Filter>
    </ClInclude>
    <ClInclude Include="jpeglib\jerror.h">
      <Filter>KongEngine\kong\extern\jpeglib</Filter>
    </ClInclude>
    <ClInclude Include="jpeglib\jinclude.h">
      <Filter>KongEngine\kong\extern\jpeglib</Filter>
    </ClInclude>
    <ClInclude Include="jpeglib\jmemsys.h">
      <Filter>KongEngine\kong\extern\jpeglib</Filter>
    </ClInclude>
    <ClInclude Include="jpeglib\jmorecfg.h">
      <Filter>KongEngine\kong\extern\jpeglib</Filter>
    </ClInclude>
    <ClInclude Include="jpeglib\jpegint.h">
      <Filter>KongEngine\kong\extern\jpeglib</Filter>
    </ClInclude>
    <ClInclude Include="jpeglib\jpeglib.h">
      <Filter>KongEngine\kong\extern\jpeglib</Filter>
    </ClInclude>
    <ClInclude Include="jpeglib\jversion.h">
      <Filter>KongEngine\kong\extern\jpeglib</Filter>
    </ClInclude>
    <ClInclude Include="libpng\png.h">
      <Filter>KongEngine\kong\extern\libpng</Filter>
    </ClInclude>
    <ClInclude Include="libpng\pngconf.h">
      <Filter>KongEngine\kong\extern\libpng</Filter>
    </ClInclude>
    <ClInclude Include="zlib\crc32.h">
      <Filter>KongEngine\kong\extern\zlib</Filter>
    </ClInclude>
    <ClInclude Include="zlib\deflate.h">
      <Filter>KongEngine\kong\extern\zlib</Filter>
    </ClInclude>
    <ClInclude Include="zlib\inffast.h">
      <Filter>KongEngine\kong\extern\zlib</Filter>
    </ClInclude>
    <ClInclude Include="zlib\inffixed.h">
      <Filter>KongEngine\kong\extern\zlib</Filter>
    </ClInclude>
    <ClInclude Include="zlib\inflate.h">
      <Filter>KongEngine\kong\extern\zlib</Filter>
    </ClInclude>
    <ClInclude Include="zlib\inftrees.h">
      <Filter>KongEngine\kong\extern\zlib</Filter>
    </ClInclude>
    <ClInclude Include="zlib\trees.h">
      <Filter>KongEngine\kong\extern\zlib</Filter>
    </ClInclude>
    <ClInclude Include="zlib\zconf.h">
      <Filter>KongEngine\kong\extern\zlib</Filter>
    </ClInclude>
    <ClInclude Include="zlib\zlib.h">
      <Filter>KongEngine\kong\extern\zlib</Filter>
    </ClInclude>
    <ClInclude Include="zlib\zutil.h">
      <Filter>KongEngine\kong\extern\zlib</Filter>
    </ClInclude>
    <ClInclude Include="..\..\include\coreutil.h">
      <Filter>Include\core</Filter>
    </ClInclude>
    <ClInclude Include="..\..\include\KongString.h">
      <Filter>Include\core</Filter>
    </ClInclude>
    <ClInclude Include="..\..\include\SPath.h">
      <Filter>Include\io</Filter>
    </ClInclude>
    <ClInclude Include="..\..\include\EDriverTypes.h">
      <Filter>Include\video</Filter>
    </ClInclude>
    <ClInclude Include="..\..\include\COpenGLTexture.h">
      <Filter>KongEngine\video\OpenGL</Filter>
    </ClInclude>
    <ClInclude Include="..\..\include\ITexture.h">
      <Filter>Include\video</Filter>
    </ClInclude>
  </ItemGroup>
  <ItemGroup>
    <None Include="shaders\base.fs">
      <Filter>KongEngine\video\OpenGL\shaders</Filter>
    </None>
    <None Include="shaders\base.vs">
      <Filter>KongEngine\video\OpenGL\shaders</Filter>
    </None>
  </ItemGroup>
</Project>