<?xml version="1.0" encoding="utf-8"?>
<Project ToolsVersion="4.0" xmlns="http://schemas.microsoft.com/developer/msbuild/2003">
  <ItemGroup>
    <Filter Include="Include">
      <UniqueIdentifier>{e3acd9ff-5d54-4182-ad45-304af159ddb2}</UniqueIdentifier>
    </Filter>
    <Filter Include="KongEngine">
      <UniqueIdentifier>{a0863a84-bd40-4cf8-9027-6f5f75b10d8d}</UniqueIdentifier>
    </Filter>
    <Filter Include="Include\video">
      <UniqueIdentifier>{adc2976b-afd7-45b2-a138-4fa443e4dffb}</UniqueIdentifier>
    </Filter>
    <Filter Include="KongEngine\kong">
      <UniqueIdentifier>{7f274f01-1870-4e00-bd91-b9f91891f358}</UniqueIdentifier>
    </Filter>
    <Filter Include="KongEngine\kong\device">
      <UniqueIdentifier>{ed6428a6-d19c-4135-b020-157c4e43f962}</UniqueIdentifier>
    </Filter>
    <Filter Include="Include\core">
      <UniqueIdentifier>{2c0699c9-7b26-4dff-8673-a4e69769c684}</UniqueIdentifier>
    </Filter>
    <Filter Include="KongEngine\video">
      <UniqueIdentifier>{658e6d0f-9547-4460-9015-e620d40a7a7e}</UniqueIdentifier>
    </Filter>
    <Filter Include="KongEngine\video\OpenGL">
      <UniqueIdentifier>{fd130f2b-e604-4217-9dcf-5a423850a09d}</UniqueIdentifier>
    </Filter>
    <Filter Include="KongEngine\video\Null">
      <UniqueIdentifier>{86d0f051-d2da-46d4-b576-106b3923cf4a}</UniqueIdentifier>
    </Filter>
    <Filter Include="KongEngine\scene">
      <UniqueIdentifier>{31cf666a-9ca6-474d-99c0-56ebe87a2e0c}</UniqueIdentifier>
    </Filter>
    <Filter Include="Include\scene">
      <UniqueIdentifier>{90b2fe73-9fe7-40ef-83dd-d4f6331c0468}</UniqueIdentifier>
    </Filter>
    <Filter Include="KongEngine\scene\scenenode">
      <UniqueIdentifier>{04d8ca89-6c17-4ebe-ac0f-0413745d528b}</UniqueIdentifier>
    </Filter>
  </ItemGroup>
  <ItemGroup>
    <ClCompile Include="test.cpp">
      <Filter>KongEngine</Filter>
    </ClCompile>
    <ClCompile Include="CKongDeviceStub.cpp">
      <Filter>KongEngine\kong\device</Filter>
    </ClCompile>
    <ClCompile Include="CKongDeviceWin32.cpp">
      <Filter>KongEngine\kong\device</Filter>
    </ClCompile>
    <ClCompile Include="KongEngine.cpp">
      <Filter>KongEngine\kong\device</Filter>
    </ClCompile>
    <ClCompile Include="COrthogonalCameraSceneNode.cpp">
      <Filter>KongEngine\scene\scenenode</Filter>
    </ClCompile>
    <ClCompile Include="CPerspectiveCameraSceneNode.cpp">
      <Filter>KongEngine\scene\scenenode</Filter>
    </ClCompile>
    <ClCompile Include="CSceneManager.cpp">
      <Filter>KongEngine\scene</Filter>
    </ClCompile>
    <ClCompile Include="CCubeSceneNode.cpp">
      <Filter>KongEngine\scene\scenenode</Filter>
    </ClCompile>
    <ClCompile Include="COpenGLDriver.cpp">
      <Filter>KongEngine\video\OpenGL</Filter>
    </ClCompile>
  </ItemGroup>
  <ItemGroup>
    <ClInclude Include="..\..\include\KongCompileConfig.h">
      <Filter>Include</Filter>
    </ClInclude>
    <ClInclude Include="..\..\include\KongDevice.h">
      <Filter>Include</Filter>
    </ClInclude>
    <ClInclude Include="..\..\include\CKongDeviceStub.h">
      <Filter>KongEngine\kong\device</Filter>
    </ClInclude>
    <ClInclude Include="..\..\include\IVideoDriver.h">
      <Filter>Include\video</Filter>
    </ClInclude>
    <ClInclude Include="..\..\include\KongTypes.h">
      <Filter>Include</Filter>
    </ClInclude>
    <ClInclude Include="..\..\include\SColor.h">
      <Filter>Include\video</Filter>
    </ClInclude>
    <ClInclude Include="..\..\include\CKongDeviceWin32.h">
      <Filter>KongEngine\kong\device</Filter>
    </ClInclude>
    <ClInclude Include="..\..\include\SKongCreationParameters.h">
      <Filter>Include</Filter>
    </ClInclude>
    <ClInclude Include="..\..\include\Dimension2d.h">
      <Filter>Include\core</Filter>
    </ClInclude>
    <ClInclude Include="..\..\include\KongMath.h">
      <Filter>Include\core</Filter>
    </ClInclude>
    <ClInclude Include="..\..\include\Matrix.h">
      <Filter>Include\core</Filter>
    </ClInclude>
    <ClInclude Include="..\..\include\KongEngine.h">
      <Filter>Include</Filter>
    </ClInclude>
    <ClInclude Include="..\..\include\ISceneNode.h">
      <Filter>Include\scene</Filter>
    </ClInclude>
    <ClInclude Include="..\..\include\Array.h">
      <Filter>Include\core</Filter>
    </ClInclude>
    <ClInclude Include="..\..\include\Vector.h">
      <Filter>Include\core</Filter>
    </ClInclude>
    <ClInclude Include="..\..\include\IMeshBuffer.h">
      <Filter>Include\scene</Filter>
    </ClInclude>
    <ClInclude Include="..\..\include\S3DVertex.h">
      <Filter>Include\video</Filter>
    </ClInclude>
    <ClInclude Include="..\..\include\SMaterial.h">
      <Filter>Include\video</Filter>
    </ClInclude>
    <ClInclude Include="..\..\include\CMeshBuffer.h">
      <Filter>Include\scene</Filter>
    </ClInclude>
    <ClInclude Include="..\..\include\List.h">
      <Filter>Include\core</Filter>
    </ClInclude>
    <ClInclude Include="..\..\include\Allocator.h">
      <Filter>Include\core</Filter>
    </ClInclude>
    <ClInclude Include="..\..\include\ISceneManager.h">
      <Filter>Include\scene</Filter>
    </ClInclude>
    <ClInclude Include="..\..\include\CSceneManager.h">
      <Filter>KongEngine\scene</Filter>
    </ClInclude>
    <ClInclude Include="..\..\include\ICameraSceneNode.h">
      <Filter>Include\scene</Filter>
    </ClInclude>
    <ClInclude Include="..\..\include\COrthogonalCameraSceneNode.h">
      <Filter>KongEngine\scene\scenenode</Filter>
    </ClInclude>
    <ClInclude Include="..\..\include\CPerspectiveCameraSceneNode.h">
      <Filter>KongEngine\scene\scenenode</Filter>
    </ClInclude>
    <ClInclude Include="..\..\include\SMesh.h">
      <Filter>Include\scene</Filter>
    </ClInclude>
    <ClInclude Include="..\..\include\IMesh.h">
      <Filter>Include\scene</Filter>
    </ClInclude>
    <ClInclude Include="..\..\include\IMeshSceneNode.h">
      <Filter>Include\scene</Filter>
    </ClInclude>
    <ClInclude Include="..\..\include\CCubeSceneNode.h">
      <Filter>KongEngine\scene\scenenode</Filter>
    </ClInclude>
    <ClInclude Include="..\..\include\COpenGLDriver.h">
      <Filter>KongEngine\video\OpenGL</Filter>
    </ClInclude>
  </ItemGroup>
</Project>